
Microsoft Visual Studio Solution File, Format Version 12.00
# Visual Studio 14
VisualStudioVersion = 14.0.25420.1
MinimumVisualStudioVersion = 10.0.40219.1
Project("{FAE04EC0-301F-11D3-BF4B-00C04F79EFBC}") = "DojoFitcard.WebApi", "DojoFitcard.WebApi\DojoFitcard.WebApi.csproj", "{7ABED55C-7F21-4FCE-8BCD-CC646147E76F}"
EndProject
Project("{FAE04EC0-301F-11D3-BF4B-00C04F79EFBC}") = "DojoFitcard.Infra", "DojoFitcard.Infra\DojoFitcard.Infra.csproj", "{7425A065-AD43-49AD-AF92-D20FA840D9EB}"
EndProject
Project("{FAE04EC0-301F-11D3-BF4B-00C04F79EFBC}") = "DojoFitcard.Domain", "DojoFitcard.Domain\DojoFitcard.Domain.csproj", "{7D2EF62D-43B0-4976-81BD-29790A689A22}"
EndProject
Project("{FAE04EC0-301F-11D3-BF4B-00C04F79EFBC}") = "DojoFitcard.Data", "DojoFitcard.Data\DojoFitcard.Data.csproj", "{7D0BD4E5-E638-405D-B59C-FD68A86CCBBD}"
EndProject
Project("{FAE04EC0-301F-11D3-BF4B-00C04F79EFBC}") = "DojoFitcard.Services", "DojoFitcard.Services\DojoFitcard.Services.csproj", "{136762D3-B55C-43DA-B746-E3697EBFC3C9}"
EndProject
Global
	GlobalSection(SolutionConfigurationPlatforms) = preSolution
		Debug|Any CPU = Debug|Any CPU
		Release|Any CPU = Release|Any CPU
	EndGlobalSection
	GlobalSection(ProjectConfigurationPlatforms) = postSolution
		{7ABED55C-7F21-4FCE-8BCD-CC646147E76F}.Debug|Any CPU.ActiveCfg = Debug|Any CPU
		{7ABED55C-7F21-4FCE-8BCD-CC646147E76F}.Debug|Any CPU.Build.0 = Debug|Any CPU
		{7ABED55C-7F21-4FCE-8BCD-CC646147E76F}.Release|Any CPU.ActiveCfg = Release|Any CPU
		{7ABED55C-7F21-4FCE-8BCD-CC646147E76F}.Release|Any CPU.Build.0 = Release|Any CPU
		{7425A065-AD43-49AD-AF92-D20FA840D9EB}.Debug|Any CPU.ActiveCfg = Debug|Any CPU
		{7425A065-AD43-49AD-AF92-D20FA840D9EB}.Debug|Any CPU.Build.0 = Debug|Any CPU
		{7425A065-AD43-49AD-AF92-D20FA840D9EB}.Release|Any CPU.ActiveCfg = Release|Any CPU
		{7425A065-AD43-49AD-AF92-D20FA840D9EB}.Release|Any CPU.Build.0 = Release|Any CPU
		{7D2EF62D-43B0-4976-81BD-29790A689A22}.Debug|Any CPU.ActiveCfg = Debug|Any CPU
		{7D2EF62D-43B0-4976-81BD-29790A689A22}.Debug|Any CPU.Build.0 = Debug|Any CPU
		{7D2EF62D-43B0-4976-81BD-29790A689A22}.Release|Any CPU.ActiveCfg = Release|Any CPU
		{7D2EF62D-43B0-4976-81BD-29790A689A22}.Release|Any CPU.Build.0 = Release|Any CPU
		{7D0BD4E5-E638-405D-B59C-FD68A86CCBBD}.Debug|Any CPU.ActiveCfg = Debug|Any CPU
		{7D0BD4E5-E638-405D-B59C-FD68A86CCBBD}.Debug|Any CPU.Build.0 = Debug|Any CPU
		{7D0BD4E5-E638-405D-B59C-FD68A86CCBBD}.Release|Any CPU.ActiveCfg = Release|Any CPU
		{7D0BD4E5-E638-405D-B59C-FD68A86CCBBD}.Release|Any CPU.Build.0 = Release|Any CPU
		{136762D3-B55C-43DA-B746-E3697EBFC3C9}.Debug|Any CPU.ActiveCfg = Debug|Any CPU
		{136762D3-B55C-43DA-B746-E3697EBFC3C9}.Debug|Any CPU.Build.0 = Debug|Any CPU
		{136762D3-B55C-43DA-B746-E3697EBFC3C9}.Release|Any CPU.ActiveCfg = Release|Any CPU
		{136762D3-B55C-43DA-B746-E3697EBFC3C9}.Release|Any CPU.Build.0 = Release|Any CPU
	EndGlobalSection
	GlobalSection(SolutionProperties) = preSolution
		HideSolutionNode = FALSE
	EndGlobalSection
	GlobalSection(ExtensibilityGlobals) = postSolution
		SolutionGuid = {81026603-7794-4F8D-8761-D75039B95D7A}
	EndGlobalSection
EndGlobal
